# THIS IS AN AUTOGENERATED FILE. DO NOT EDIT THIS FILE DIRECTLY.
assets/Back_Arrow@2x.png:
  development: 2017-08-25T14:37:54+10:00   23fa5da0b49143b385ce97c5e53d51e9
assets/THR1VE_always_glutenfree.png:
  development: 2017-08-25T14:38:01+10:00   cc03644c63ff7188d3da550f9ec5be98
assets/THR1VE_no_chemical_nasties.png:
  development: 2017-08-25T14:38:01+10:00   e516606ce099e434b9d60db1fdd76c4e
assets/THR1VE_only_healthy_fats.png:
  development: 2017-08-25T14:38:01+10:00   902814162e3e7faecc8b1e3cdba3b255
assets/THR1VE_quality_proteins.png:
  development: 2017-08-25T14:38:01+10:00   4af0f07346a62963ef0fcdeb20b69c83
assets/THR1VE_seafoodfree2.png:
  development: 2017-08-25T14:38:01+10:00   95af7323759bda1fa3604a47888a8178
assets/THR1VE_smart_carbs.png:
  development: 2017-08-25T14:38:01+10:00   d6949a78fa86577e605974fbaa93bdd0
assets/Tick Icon@2x.png:
  development: 2017-08-25T14:38:02+10:00   6d1aa06480b7497883ac6e529339bbc5
assets/Truck@2X.png:
  development: 2017-08-25T14:38:02+10:00   5a5c929cfff9bbf866882f1a0dab92b8
assets/account_custom.scss.liquid:
  development: 2017-08-25T14:37:54+10:00   1de31b1d56bfaa925093a3906a7539be
assets/account_custom.scss.liquid___jb_old___:
  development: '2017-08-25T14:37:54+10:00   '
assets/account_custom.scss.liquid___jb_tmp___:
  development: '2017-08-25T14:37:54+10:00   '
assets/account_subscriptions.js:
  development: 2017-08-25T14:37:54+10:00   5e3df90cfa3981f78303652ae780356d
assets/account_subscriptions.js___jb_old___:
  development: '2017-08-25T14:37:54+10:00   '
assets/account_subscriptions.js___jb_tmp___:
  development: '2017-08-25T14:37:54+10:00   '
assets/ajax-cart.js.liquid:
  development: 2017-08-25T14:37:54+10:00   f0e08e1683848dec03903ae335b74b58
assets/ajax-cart.js.liquid___jb_old___:
  development: '2017-08-25T14:37:54+10:00   '
assets/ajax-cart.js.liquid___jb_tmp___:
  development: '2017-08-25T14:37:54+10:00   '
assets/back-arrow.png:
  development: 2017-08-25T14:37:54+10:00   23fa5da0b49143b385ce97c5e53d51e9
assets/back_arrow.png:
  development: 2017-08-25T14:37:54+10:00   23fa5da0b49143b385ce97c5e53d51e9
assets/bannerimg.png:
  development: 2017-08-25T14:53:52+10:00   709e35e58c944a3f7d59a8864e26a2d8
assets/bootstrap.css:
  development: 2017-08-25T14:37:55+10:00   cc7109479381572fc87fe203c629ede2
assets/bootstrap.js:
  development: 2017-08-25T14:37:55+10:00   3a274c29ae65768b5e3f26b135e595ff
assets/bootstrap.min.css:
  development: 2017-08-25T14:37:55+10:00   446c95132e23c82f5921269a052df870
assets/bootstrap.min.js:
  development: 2017-08-25T14:37:55+10:00   01569bd514187c301f62544f22e8a203
assets/cart-custom-attr-script.js:
  development: 2017-08-25T14:37:55+10:00   607b740358961c23a7a07df932234fe1
assets/checkout.css.liquid:
  development: 2017-08-25T14:37:55+10:00   abef61081529f7d1a78041cd653921b8
assets/checkout_address.js:
  development: 2017-08-25T14:37:55+10:00   7b6ac9a900e8893f89bc01de3238d2ca
assets/checkout_address.js___jb_old___:
  development: '2017-08-25T14:37:55+10:00   '
assets/checkout_address.js___jb_tmp___:
  development: '2017-08-25T14:37:55+10:00   '
assets/checkout_custom.css:
  development: 2017-08-25T14:37:55+10:00   73068cf5b63039433134c35461461b36
assets/checkout_custom.scss.liquid:
  development: 2017-08-25T14:37:55+10:00   ce0e9371ecbb36d8a72e731ef94fb971
assets/checkout_custom.scss.liquid___jb_old___:
  development: '2017-08-25T14:37:56+10:00   '
assets/checkout_custom.scss.liquid___jb_tmp___:
  development: '2017-08-25T14:37:56+10:00   '
assets/checkout_header_image.jpg:
  development: 2017-08-25T14:37:56+10:00   d79ebe3ddf6dbd0d16ef9b1486466303
assets/checkout_logo.png:
  development: 2017-08-25T14:37:56+10:00   39fcb6370cce8da1e92e5b74948e880f
assets/checkout_shipping.js:
  development: 2017-08-25T14:37:56+10:00   ad96bf8dfa88e0309d8fa29e9d0de6be
assets/checkout_shipping.js___jb_old___:
  development: '2017-08-25T14:37:56+10:00   '
assets/checkout_shipping.js___jb_tmp___:
  development: '2017-08-25T14:37:56+10:00   '
assets/chrome.png:
  development: 2017-08-25T14:37:56+10:00   eac5fc89d1947789a707428ea9540339
assets/chrome.svg.liquid:
  development: 2017-08-25T14:37:56+10:00   b46490273c2d4a188a8e5106b4171cf3
assets/close-icon-white.png:
  development: 2017-08-25T14:37:56+10:00   cc70c2ee8a33c4ac7c0486dd347a4e80
assets/close-icon.png:
  development: 2017-08-25T14:37:56+10:00   1d087c83bc5fd6c61a5f52432c707cab
assets/close-icon.svg.liquid:
  development: 2017-08-25T14:37:56+10:00   0f8176adf33e4532ee3423d56a76a88f
assets/custom-responsive.css:
  development: 2017-08-25T14:37:57+10:00   cf85552ba5c8f6ff88e964890299bf6a
assets/dairy-free.png:
  development: 2017-08-25T14:37:57+10:00   fee7ad60738ef54a2cbbf9ea2c28c251
assets/explorer.png:
  development: 2017-08-25T14:37:57+10:00   b54f21dc50d84bfae5e7307de3607e7b
assets/explorer.svg.liquid:
  development: 2017-08-25T14:37:57+10:00   6904c86edd7ea1ac08f316cbba0f6926
assets/favicon.png:
  development: 2017-08-25T14:37:57+10:00   941b02274e578cbecf64b25f1fd8031b
assets/firefox.png:
  development: 2017-08-25T14:37:57+10:00   17bd279677d7070df4d32cc8516e0615
assets/firefox.svg.liquid:
  development: 2017-08-25T14:37:57+10:00   c6924710e54352fc6f8f5d9a6ba90ff6
assets/freeze.jpg:
  development: 2017-08-25T14:37:57+10:00   70f83c1bb8a7fea2c307fa1dde401c66
assets/glyphicons-halflings-regular.eot:
  development: 2017-08-25T14:37:57+10:00   f4769f9bdb7466be65088239c12046d1
assets/glyphicons-halflings-regular.svg:
  development: 2017-08-25T14:37:57+10:00   89889688147bd7575d6327160d64e760
assets/glyphicons-halflings-regular.ttf:
  development: 2017-08-25T14:37:57+10:00   e18bbf611f2a2e43afc071aa2f4e1512
assets/glyphicons-halflings-regular.woff:
  development: 2017-08-25T14:37:57+10:00   fa2772327f55d8198301fdb8bcfc8158
assets/glyphicons-halflings-regular.woff2:
  development: 2017-08-25T14:37:57+10:00   448c34a56d699c29117adc64c43affeb
assets/handlebars.min.js:
  development: 2017-08-25T14:37:58+10:00   b3c11508a224ee83f86e2fc6491e9751
assets/hb-1.png:
  development: 2017-08-25T14:37:58+10:00   ead563c7c23c2d7398069862233d343b
assets/hb-2.png:
  development: 2017-08-25T14:37:58+10:00   77ede8251d67e5a59763d2dd1a5a0273
assets/hb-3.png:
  development: 2017-08-25T14:37:58+10:00   ea8cdab9caa5c8528edf1245975ef046
assets/hb-4.png:
  development: 2017-08-25T14:37:58+10:00   2523dafe7c0047a00db44d8a32ead4ad
assets/hb-5.png:
  development: 2017-08-25T14:37:58+10:00   3aab758ef2a7b6bb74c9e2c92160fc01
assets/hb-6.png:
  development: 2017-08-25T14:37:58+10:00   efccfff1e51356a27ca8892f46eb0dc3
assets/jquery.js:
  development: 2017-08-25T14:37:58+10:00   3c9137d88a00b1ae0b41ff6a70571615
assets/jquery.txfunctions.js:
  development: 2017-08-25T14:37:58+10:00   f776dd77b13b1926d037f33c660416f7
assets/jquery.waypoints.min.js:
  development: 2017-08-25T14:37:58+10:00   7d05f92297dede9ecfe3706efb95677a
assets/js-module-browser-detection.js:
  development: 2017-08-25T14:37:58+10:00   261048f641b4e29b34322dc47333dd94
assets/js-module-check-storage-support.js.liquid:
  development: 2017-08-25T14:37:58+10:00   617dbb4d8a497a0330afe24533628a5a
assets/js-module-filters-script.js:
  development: 2017-08-25T14:37:58+10:00   b78f989501042874b6465a09c36b0839
assets/js-module-navbar-scroll.js:
  development: 2017-08-25T14:37:58+10:00   a4ac1fedd38c0263f638ca654d1ad18c
assets/js-module-postcode-city.js:
  development: 2017-08-25T14:37:59+10:00   8c05682617f115cc2fa9a94775731110
assets/js-module-postcodes-string-array.js:
  development: 2017-08-25T14:37:59+10:00   e3a1891c990711dae9411a4180ee6be2
assets/keto-friendly.png:
  development: 2017-08-25T14:37:59+10:00   65bacdd94873faa2ae417e0d2a071494
assets/logo-240.png:
  development: 2017-08-25T14:37:59+10:00   b7e127eb876cc8a026e3752f01d6b9a0
assets/logo-black.png:
  development: 2017-08-25T14:37:59+10:00   0c14e0d456eef01413996f79c6f255f1
assets/logo.png:
  development: 2017-08-25T14:37:59+10:00   981b032992fbf8a8c8e1af322b259a01
assets/media-queries.css.liquid:
  development: 2017-08-25T14:37:59+10:00   52703b9cfb23a5c513515e8bfb57ac0f
assets/modernizr.min.js.liquid:
  development: 2017-08-25T14:37:59+10:00   31d16594e21aaa379bf30ba8da47af77
assets/moment.min.js:
  development: 2017-08-25T14:37:59+10:00   93eb9b43837ae331da63f82412973b87
assets/montserrat-bold-webfont.woff:
  development: 2017-08-25T14:37:59+10:00   f4923de865aaff97c767cd2f70cf61c5
assets/montserrat-light-webfont.woff:
  development: 2017-08-25T14:37:59+10:00   c4fb87a6463467ec3edf6515391c1802
assets/montserrat-regular-webfont.woff:
  development: 2017-08-25T14:38:00+10:00   0c6b5f2644ee1a676a66f09686db362d
assets/nut-free.png:
  development: 2017-08-25T14:38:00+10:00   9f2d99ba9380396be4de1e7a19a01edc
assets/offside.css:
  development: 2017-08-25T14:38:00+10:00   76361c41c1e021cb59db77b8e4d5c631
assets/offside.min.js:
  development: 2017-08-25T14:38:00+10:00   c18bd8ad89a21dd893b8ab28d7de9d99
assets/owl.carousel.min.css:
  development: 2017-08-25T14:38:00+10:00   de0dfbabe627afa1b718d848b6b58e97
assets/owl.carousel.min.js:
  development: 2017-08-25T14:38:00+10:00   b7b9c97cd68ec336d01a79d5be48c58d
assets/owl.theme.default.css:
  development: 2017-08-25T14:38:00+10:00   26dd7ebd96f611bff70d97bd1eb24ca1
assets/popup-styles.css.liquid:
  development: 2017-08-25T14:38:00+10:00   bf91ef11eb39a9af2a1ba5b5c6585220
assets/post-training.png:
  development: 2017-08-25T14:38:00+10:00   5e604a59106bbd4f669f8b43b6db45c9
assets/safari.png:
  development: 2017-08-25T14:38:00+10:00   1326fae83729dfda76791c905cf5a656
assets/safari.svg.liquid:
  development: 2017-08-25T14:38:00+10:00   6b35e9d476a980d8f3a30d01f515d1f7
assets/script.js:
  development: 2017-08-25T14:38:00+10:00   b54577380cf118bd0c7f8fb0a8841435
assets/script.js___jb_tmp___:
  development: '2017-08-25T14:38:01+10:00   '
assets/seafood-free.png:
  development: 2017-08-25T14:38:01+10:00   4cb526f456e35f467413e4df0dfe245e
assets/snowflake.png:
  development: 2017-08-25T14:38:01+10:00   ec1e242bacf2fe3236dd950d2131b155
assets/storagePolyfill.js:
  development: 2017-08-25T14:38:01+10:00   ad52383ef07a9ef8b73a73960cab18c4
assets/style.css.liquid:
  development: 2017-08-29T15:51:04+10:00   57e602a84899950aa2389906b6f6525d
assets/style.css.liquid___jb_tmp___:
  development: '2017-08-25T14:38:01+10:00   '
assets/thr1ve.woff:
  development: 2017-08-25T14:38:01+10:00   1dbc1d9671668806f1848304e2b3a917
assets/tick-icon.png:
  development: 2017-08-25T14:38:02+10:00   6d1aa06480b7497883ac6e529339bbc5
assets/truck.png:
  development: 2017-08-25T14:38:02+10:00   0c2c9769441b851472d9b7a537908ed3
assets/vegetarian.png:
  development: 2017-08-25T14:38:02+10:00   74c34fa9c9e150d646e3da00cd935d00
config/settings.html___jb_tmp___:
  development: '2017-08-25T14:38:02+10:00   '
config/settings_data.json:
  development: 2017-08-25T15:35:56+10:00   6f7f43f2f426d616397ddb717b58ea9c
config/settings_data.json___jb_tmp___:
  development: '2017-08-25T14:38:02+10:00   '
config/settings_schema.json:
  development: 2017-08-25T14:38:02+10:00   fd20fe5c255b6072cca6079c2a4421d9
config/settings_schema.json___jb_tmp___:
  development: '2017-08-25T14:38:02+10:00   '
layout/checkout.liquid:
  development: 2017-08-25T14:38:02+10:00   3df973530950602bed743f91dcbf1687
layout/theme.liquid:
  development: 2017-08-29T13:03:46+10:00   fe5a32b510b3b1f0ad4e00c191f91969
layout/theme_copy_modify_lightbox.liquid:
  development: 2017-08-25T14:38:02+10:00   6ea6d532216988c2014f18e979723042
locales/de.json:
  development: 2017-08-25T14:38:05+10:00   a19a03325b122846541e4dabe8b0263b
locales/en.default.json:
  development: 2017-08-25T14:38:05+10:00   e4c1a1d32c199f67106bda5669cd157d
locales/es.json:
  development: 2017-08-25T14:38:05+10:00   70b6b0b37c7dafaa33daa0d7e5c1e0b8
locales/fr.json:
  development: 2017-08-25T14:38:05+10:00   ed3b959503b9e86fd9e8dca268f9c68e
locales/pt-BR.json:
  development: 2017-08-25T14:38:05+10:00   6d0c4708abc122a2f8ae20513ea8ac41
locales/pt-PT.json:
  development: 2017-08-25T14:38:05+10:00   f0a26947987a45104e6f922c86d5b96d
snippets/ajax-cart-template.liquid:
  development: 2017-08-25T14:38:02+10:00   275d22f1545ee2fa768c40c2755f133d
snippets/ajax-cart-template.liquid___jb_old___:
  development: '2017-08-25T14:38:02+10:00   '
snippets/ajax-cart-template.liquid___jb_tmp___:
  development: '2017-08-25T14:38:02+10:00   '
snippets/allergy-filter.liquid:
  development: 2017-08-25T14:38:02+10:00   9edc62d5f81a73dd5f03c4a5920042fd
snippets/blog-sidebar.liquid:
  development: 2017-08-25T14:38:02+10:00   63efc56d80aff2891826fd61cd22b5f4
snippets/bs-modal.liquid:
  development: 2017-08-25T14:38:02+10:00   77c12ece4b8b5ff819286634991d3902
snippets/callouts.liquid:
  development: 2017-08-25T14:38:02+10:00   3f1d10860876ceb7ff3ea1e8672d2db1
snippets/calloutstatics.liquid:
  development: 2017-08-25T14:38:02+10:00   de52af18c7d1a074b70ebf040eb9fec4
snippets/carousel.liquid:
  development: 2017-08-25T14:38:02+10:00   4c47953e96b8deaafaee13dce5b3bd3d
snippets/cart-sidebar-callouts.liquid:
  development: 2017-08-25T14:38:02+10:00   41b537b1b9286544ffd8a20154faf4a9
snippets/cart-sidebar-callouts.liquid___jb_tmp___:
  development: '2017-08-25T14:38:03+10:00   '
snippets/checkout_custom.liquid:
  development: 2017-08-25T14:38:03+10:00   853482fb170b92d988d34922078c0f77
snippets/checkout_custom.liquid___jb_old___:
  development: '2017-08-25T14:38:03+10:00   '
snippets/checkout_custom.liquid___jb_tmp___:
  development: '2017-08-25T14:38:03+10:00   '
snippets/collection-banners.liquid:
  development: 2017-08-25T14:38:03+10:00   2d504039527389a4761240b16a3ca771
snippets/collection-banners.liquid___jb_old___:
  development: '2017-08-25T14:38:03+10:00   '
snippets/collection-banners.liquid___jb_tmp___:
  development: '2017-08-25T14:38:03+10:00   '
snippets/collection-filters.liquid:
  development: 2017-08-25T14:38:03+10:00   2efb569652af95a2840b0c57628876f1
snippets/collection-list-item.liquid:
  development: 2017-08-25T14:38:03+10:00   fd484a9354eff3c996edb1137b69b04e
snippets/collection-sidebar.liquid:
  development: 2017-08-25T14:38:03+10:00   db0ce7c81d25cef61066a4d0f6410635
snippets/collection-sorting.liquid:
  development: 2017-08-25T14:38:03+10:00   85a9e5cd4c60c208822348fa216fd4a2
snippets/collection-views.liquid:
  development: 2017-08-25T14:38:03+10:00   1bbae31684f196d5891d43121772d00e
snippets/comment.liquid:
  development: 2017-08-25T14:38:03+10:00   3b5ca6fd3096b4b619d2a74760967675
snippets/custom-cart-attributes.liquid:
  development: 2017-08-25T14:38:03+10:00   8cf0dab5d95f21c730afaccc75a8bc76
snippets/custom-product-tabs.liquid:
  development: 2017-08-25T14:38:03+10:00   4f3b2c5c9b0a99acb5054d405b4f2b3d
snippets/date.liquid:
  development: 2017-08-25T14:38:03+10:00   0fbd74c46982636c86f1243d3b0d2fa5
snippets/delivery-popup.liquid:
  development: 2017-08-25T14:38:03+10:00   bbd151125ebc73030970967381b14774
snippets/delivery-popup.liquid___jb_old___:
  development: '2017-08-25T14:38:03+10:00   '
snippets/delivery-popup.liquid___jb_tmp___:
  development: '2017-08-25T14:38:03+10:00   '
snippets/filter-test.liquid:
  development: 2017-08-25T14:38:03+10:00   f25de2f07db0467f9a460c6ad55a6173
snippets/footer.liquid:
  development: 2017-08-25T14:38:03+10:00   f1813499188c2152c71c0193032c86d3
snippets/fresh-meals-anchor-nav.liquid:
  development: 2017-08-25T14:38:03+10:00   34de8cdd38d1d08261d4860617b2809e
snippets/header-postcode-validation.liquid:
  development: 2017-08-25T14:38:03+10:00   768d8117d58f29b22651173ebec1d0f9
snippets/modify_lightbox_snippet.liquid:
  development: 2017-08-25T14:38:03+10:00   bd52b338eab333fb2547b623a4a12e52
snippets/nav-menu-green.liquid:
  development: 2017-08-25T14:38:03+10:00   07b632608ccb3f09c5f86853f351d27a
snippets/nav-menu.liquid:
  development: 2017-08-25T16:44:28+10:00   a942306ac8e65c4cf084998357eeaeae
snippets/old-browsers-warning.liquid:
  development: 2017-08-25T14:38:03+10:00   c54b02fd62f8d7e679b99524c87c5940
snippets/oldIE-js.liquid:
  development: 2017-08-25T14:38:03+10:00   6bde37c4d729f512c52ea487648eabc0
snippets/open-graph-tags.liquid:
  development: 2017-08-25T14:38:03+10:00   a9ee14a30cb7f8d006d63f8ed666eb66
snippets/page-sidebar.liquid:
  development: 2017-08-25T14:38:03+10:00   1502a86508d361e196eb4e41aab211a5
snippets/pagination-custom.liquid:
  development: 2017-08-25T14:38:03+10:00   22add457a2b475c574945285dfc0df97
snippets/post-code-check-message-section.liquid:
  development: 2017-08-25T14:38:03+10:00   157a6b9a36fd1450e85c0eb088be2388
snippets/postcode-check-input-section.liquid:
  development: 2017-08-25T14:38:03+10:00   10e30ece3651420b1479dcedad271e18
snippets/postcode-check-message-section.liquid:
  development: 2017-08-25T14:38:03+10:00   94a63e4fc1b1bcc39e7585039e239396
snippets/product-grid-item.liquid:
  development: 2017-08-25T14:38:03+10:00   d3ec7946fe5f3a8f4b7e75f1f69424a3
snippets/product-grid-nutritional-info.liquid:
  development: 2017-08-25T14:38:03+10:00   0cb5f59b1fdb72094be2132be9ff1ff2
snippets/product-list-item.liquid:
  development: 2017-08-25T14:38:03+10:00   fda611fa3daf5f5f55c6c2a4c48604fd
snippets/product-nutrition-ingredients.liquid:
  development: 2017-08-25T14:38:03+10:00   f36b557fb7fe7372bd003b0f3e551ca1
snippets/product-nutrition-ingredients__original.liquid:
  development: 2017-08-25T14:38:03+10:00   968c4a108a0636ffa747488cfd165cad
snippets/product-sidebar.liquid:
  development: 2017-08-25T14:38:03+10:00   f1d85ca60684673a9ad327fb6b34df65
snippets/product-tags.liquid:
  development: 2017-08-25T14:38:03+10:00   7f6263e1424e5cda9ae8332ce274974c
snippets/related-products.liquid:
  development: 2017-08-25T14:38:03+10:00   d71104a182d31d1de65e1b9ef022f0b1
snippets/respond.liquid:
  development: 2017-08-25T14:38:03+10:00   95f2405c9cd8cb484fff90c7fd09524f
snippets/rollover_messaging.liquid:
  development: 2017-08-25T14:38:03+10:00   6cc97ff11d4ed5f2a327cc287a88c4ad
snippets/rollover_messaging.liquid___jb_old___:
  development: '2017-08-25T14:38:03+10:00   '
snippets/rollover_messaging.liquid___jb_tmp___:
  development: '2017-08-25T14:38:03+10:00   '
snippets/search-bar.liquid:
  development: 2017-08-25T14:38:03+10:00   8003143cf7b535bd3d168fff0f0a2b9c
snippets/search-result.liquid:
  development: 2017-08-25T14:38:03+10:00   378cab6bc6f2cad3c79e8fcb1312b8b8
snippets/shappify-bdl-load-bundle.liquid:
  development: 2017-08-25T14:38:04+10:00   6b97aaa07c31ab7f0373a10a59d6ff50
snippets/shappify-bdl-min-price.liquid:
  development: 2017-08-25T14:38:04+10:00   a72dd2d52c738a660f156141c67366a8
snippets/shappify-bdl-no-select.liquid:
  development: 2017-08-25T14:38:04+10:00   6345417d2cbb721bd79041d0f8b989bd
snippets/shappify-options.liquid:
  development: 2017-08-25T14:38:04+10:00   4ba77ed89be21f3daeaba5fe87464758
snippets/social-media.liquid:
  development: 2017-08-25T14:38:04+10:00   558bc73a256126c92b529e6f72d53fa1
snippets/subscription-cart-footer.liquid:
  development: 2017-08-25T14:38:04+10:00   62435635bca9f068ee65f7b11d59b209
snippets/subscription-product.liquid:
  development: 2017-08-25T14:38:04+10:00   29c63dbc5a645b575de94b8257ecc357
snippets/subscription-theme-footer.liquid:
  development: 2017-08-25T14:38:04+10:00   678b3de75af9ecacc1775e3812ad6902
snippets/testimonial-carousel.liquid:
  development: 2017-08-25T14:38:04+10:00   f38af103f1ce0cce469d129268afaa6f
snippets/twitter-card.liquid:
  development: 2017-08-25T14:38:04+10:00   1fdffd729fc4001cc6a7c4cd5d887e55
snippets/untitled.liquid:
  development: 2017-08-25T14:38:04+10:00   faa492e04c93ab2c5b4ea5184d517e59
snippets/zip-widget.liquid:
  development: 2017-08-25T14:38:04+10:00   8a24788a0c6b724f16a1211cd0f4986b
templates/404.liquid:
  development: 2017-08-25T14:38:04+10:00   54f0eb118c5099e84fbd2932f7b922ab
templates/article.liquid:
  development: 2017-08-25T14:38:04+10:00   0405e0e155af50b90d5a4a5519e8e150
templates/blog.liquid:
  development: 2017-08-25T14:38:04+10:00   6122d9c778dc623c6f510d38df551a11
templates/cart.liquid:
  development: 2017-08-25T14:38:04+10:00   83716e62ddef86bde2f1c284a1f9e129
templates/collection.beautifully-balanced.liquid:
  development: 2017-08-25T14:38:04+10:00   51eba9082f2a194dd9d58b142c407671
templates/collection.fat-loss.liquid:
  development: 2017-08-29T13:04:51+10:00   045c1da843842f058c9a962c71dba03d
templates/collection.fresh-meals.liquid:
  development: 2017-08-25T14:38:04+10:00   4d4b8e276e08adbd491196b57f519a8c
templates/collection.light-lean.liquid:
  development: 2017-08-29T13:05:46+10:00   90f2c89767fd5ce75fe0866269bd8bc5
templates/collection.liquid:
  development: 2017-08-25T14:38:04+10:00   50d41f248203f8ff5e926f7673868015
templates/collection.list.liquid:
  development: 2017-08-25T14:38:04+10:00   68428f544d15dd90d0e024ee289b9211
templates/collection.test.liquid:
  development: 2017-08-25T14:38:04+10:00   50d41f248203f8ff5e926f7673868015
templates/customers/account.liquid:
  development: 2017-08-25T14:38:04+10:00   70847c58383276dd3a0cba0fdf0e7e45
templates/customers/activate_account.liquid:
  development: 2017-08-25T14:38:04+10:00   08ea4019fdf8ab30e0a5f5ed089cba3f
templates/customers/addresses.liquid:
  development: 2017-08-25T14:38:04+10:00   ce40a97adab4205a01890be5e9badb47
templates/customers/login.liquid:
  development: 2017-08-25T14:38:04+10:00   51fb97f572165eafa99a369d2c6bd95f
templates/customers/order.liquid:
  development: 2017-08-25T14:38:04+10:00   3918654e5dfd8d0ff5fab3e098b853b0
templates/customers/register.liquid:
  development: 2017-08-25T14:38:04+10:00   beeaf57ec89fc67a38c88d42ddc0f3b0
templates/customers/reset_password.liquid:
  development: 2017-08-25T14:38:04+10:00   9c2ab1e58e9920ac5d576cd5ce4a4fd8
templates/gift_card.liquid:
  development: 2017-08-25T14:38:04+10:00   5c0edc149ac7dce95e6a35d31346b72e
templates/index-old.liquid:
  development: 2017-08-25T14:38:04+10:00   c8068d997e92698d26775473a5c0425a
templates/index.liquid:
  development: 2017-08-25T14:38:04+10:00   464f1a17d540673704f974cfcb3603a7
templates/list-collections.liquid:
  development: 2017-08-25T14:38:04+10:00   37c6e2840cf29cdee8d4044ad22b4bf8
templates/page.8week.liquid:
  development: 2017-08-25T14:38:04+10:00   3fb28ea5b8e2bd02ba916e7359c5c843
templates/page.catering.liquid:
  development: 2017-08-25T14:38:04+10:00   c5a0f2da37a391c44bd1b67df5096f84
templates/page.contact.liquid:
  development: 2017-08-25T14:38:04+10:00   deedefb1d0dbb932580dc1f04d1b305c
templates/page.contactform.liquid:
  development: 2017-08-25T14:38:04+10:00   ba659f5bd28c0f558ab41f42be677c55
templates/page.contactus.liquid:
  development: 2017-08-25T14:38:04+10:00   ed226ff1d8bcc190336f517e00feb2b8
templates/page.corporate.liquid:
  development: 2017-08-25T14:38:04+10:00   6311d8a716e75f0d496daa2f34c66153
templates/page.deliverydays.liquid:
  development: 2017-08-25T14:38:04+10:00   96b13067c0d47f5c2757f0d797694576
templates/page.ketofriendly.liquid:
  development: 2017-08-25T14:38:04+10:00   e90133c39becc232ae13f7949247b0fb
templates/page.kids.liquid:
  development: 2017-08-25T14:38:04+10:00   027bd9ef1c831356b93b49919a444457
templates/page.liquid:
  development: 2017-08-25T14:38:04+10:00   3d7f7064efa86b26b354b3098f1419ae
templates/page.mealplan.liquid:
  development: 2017-08-25T14:38:04+10:00   e3b72b8f396afe8d94bf00c67d2d206c
templates/page.menu.liquid:
  development: 2017-08-25T14:38:04+10:00   c8d97188cf0c0705107eb691b698275f
templates/page.modify_lightbox_preview.liquid:
  development: 2017-08-25T14:38:04+10:00   1bd31458e4e0a036809639e9cec7cb27
templates/page.mothersday.liquid:
  development: 2017-08-25T14:38:04+10:00   15669681b934b91bb0af2dd96b370a7e
templates/page.nutritionist.liquid:
  development: 2017-08-25T14:38:04+10:00   c0dc49402b65cc42e02db393381ba807
templates/page.ourstory.liquid:
  development: 2017-08-25T14:38:05+10:00   2e6be48d187d55a9fbd9492a14918962
templates/page.ssmenu.liquid:
  development: 2017-08-25T14:38:05+10:00   3bc82a8b0da408c96938791534fad944
templates/page.survey.liquid:
  development: 2017-08-25T14:38:05+10:00   4b68a75030c16c6a48133ddc8ce5af0a
templates/password.liquid:
  development: 2017-08-25T14:38:05+10:00   46b19d940fa4a1567d721587af12f500
templates/product.liquid:
  development: 2017-08-29T11:37:34+10:00   8f479cecf64256135f01001a6668c22a
templates/search.liquid:
  development: 2017-08-25T14:38:05+10:00   872a18c2c07ab8dd0ef0505035a96051
